// !$*UTF8*$!
{
	archiveVersion = 1;
	classes = {
	};
	objectVersion = 46;
	objects = {

/* Begin PBXBuildFile section */
		B27512BA1F46D3B700EFFE24 /* LYLogerManger.m in Sources */ = {isa = PBXBuildFile; fileRef = B27512B91F46D3B700EFFE24 /* LYLogerManger.m */; };
		B29CCE481F43E87E00AB4823 /* main.m in Sources */ = {isa = PBXBuildFile; fileRef = B29CCE471F43E87E00AB4823 /* main.m */; };
		B29CCE4B1F43E87E00AB4823 /* AppDelegate.m in Sources */ = {isa = PBXBuildFile; fileRef = B29CCE4A1F43E87E00AB4823 /* AppDelegate.m */; };
		B29CCE4E1F43E87E00AB4823 /* ViewController.m in Sources */ = {isa = PBXBuildFile; fileRef = B29CCE4D1F43E87E00AB4823 /* ViewController.m */; };
		B29CCE511F43E87E00AB4823 /* Main.storyboard in Resources */ = {isa = PBXBuildFile; fileRef = B29CCE4F1F43E87E00AB4823 /* Main.storyboard */; };
		B29CCE531F43E87E00AB4823 /* Assets.xcassets in Resources */ = {isa = PBXBuildFile; fileRef = B29CCE521F43E87E00AB4823 /* Assets.xcassets */; };
		B29CCE561F43E87E00AB4823 /* LaunchScreen.storyboard in Resources */ = {isa = PBXBuildFile; fileRef = B29CCE541F43E87E00AB4823 /* LaunchScreen.storyboard */; };
		B29CCE611F43E87E00AB4823 /* LYNetworkingMangerTests.m in Sources */ = {isa = PBXBuildFile; fileRef = B29CCE601F43E87E00AB4823 /* LYNetworkingMangerTests.m */; };
		B29CCE6C1F43E87E00AB4823 /* LYNetworkingMangerUITests.m in Sources */ = {isa = PBXBuildFile; fileRef = B29CCE6B1F43E87E00AB4823 /* LYNetworkingMangerUITests.m */; };
		B29CCE881F43E8EA00AB4823 /* AFHTTPSessionManager.m in Sources */ = {isa = PBXBuildFile; fileRef = B29CCE7C1F43E8EA00AB4823 /* AFHTTPSessionManager.m */; };
		B29CCE891F43E8EA00AB4823 /* AFNetworkReachabilityManager.m in Sources */ = {isa = PBXBuildFile; fileRef = B29CCE7F1F43E8EA00AB4823 /* AFNetworkReachabilityManager.m */; };
		B29CCE8A1F43E8EA00AB4823 /* AFSecurityPolicy.m in Sources */ = {isa = PBXBuildFile; fileRef = B29CCE811F43E8EA00AB4823 /* AFSecurityPolicy.m */; };
		B29CCE8B1F43E8EA00AB4823 /* AFURLRequestSerialization.m in Sources */ = {isa = PBXBuildFile; fileRef = B29CCE831F43E8EA00AB4823 /* AFURLRequestSerialization.m */; };
		B29CCE8C1F43E8EA00AB4823 /* AFURLResponseSerialization.m in Sources */ = {isa = PBXBuildFile; fileRef = B29CCE851F43E8EA00AB4823 /* AFURLResponseSerialization.m */; };
		B29CCE8D1F43E8EA00AB4823 /* AFURLSessionManager.m in Sources */ = {isa = PBXBuildFile; fileRef = B29CCE871F43E8EA00AB4823 /* AFURLSessionManager.m */; };
		B29CCE911F43E91C00AB4823 /* LYURLResponse.m in Sources */ = {isa = PBXBuildFile; fileRef = B29CCE901F43E91C00AB4823 /* LYURLResponse.m */; };
		B29CCE941F43E92E00AB4823 /* LYURLRequest.m in Sources */ = {isa = PBXBuildFile; fileRef = B29CCE931F43E92E00AB4823 /* LYURLRequest.m */; };
		B29CCE971F43E9A600AB4823 /* LYNetworkingAPIProxy.m in Sources */ = {isa = PBXBuildFile; fileRef = B29CCE961F43E9A600AB4823 /* LYNetworkingAPIProxy.m */; };
		B29CCE9A1F43E9C900AB4823 /* LYNetworkingAPIManger.m in Sources */ = {isa = PBXBuildFile; fileRef = B29CCE991F43E9C900AB4823 /* LYNetworkingAPIManger.m */; };
		B29CCE9E1F44232600AB4823 /* LYBaseParams.m in Sources */ = {isa = PBXBuildFile; fileRef = B29CCE9D1F44232600AB4823 /* LYBaseParams.m */; };
		B29CCEA11F44249F00AB4823 /* LYAPPSetting.m in Sources */ = {isa = PBXBuildFile; fileRef = B29CCEA01F44249F00AB4823 /* LYAPPSetting.m */; };
		B29CCEA51F44345000AB4823 /* NSArray+LYNetworking.m in Sources */ = {isa = PBXBuildFile; fileRef = B29CCEA41F44345000AB4823 /* NSArray+LYNetworking.m */; };
		B29CCEA81F44346B00AB4823 /* NSDictionary+LYNetworking.m in Sources */ = {isa = PBXBuildFile; fileRef = B29CCEA71F44346B00AB4823 /* NSDictionary+LYNetworking.m */; };
/* End PBXBuildFile section */

/* Begin PBXContainerItemProxy section */
		B29CCE5D1F43E87E00AB4823 /* PBXContainerItemProxy */ = {
			isa = PBXContainerItemProxy;
			containerPortal = B29CCE3B1F43E87E00AB4823 /* Project object */;
			proxyType = 1;
			remoteGlobalIDString = B29CCE421F43E87E00AB4823;
			remoteInfo = LYNetworkingManger;
		};
		B29CCE681F43E87E00AB4823 /* PBXContainerItemProxy */ = {
			isa = PBXContainerItemProxy;
			containerPortal = B29CCE3B1F43E87E00AB4823 /* Project object */;
			proxyType = 1;
			remoteGlobalIDString = B29CCE421F43E87E00AB4823;
			remoteInfo = LYNetworkingManger;
		};
/* End PBXContainerItemProxy section */

/* Begin PBXFileReference section */
		B27512B81F46D3B700EFFE24 /* LYLogerManger.h */ = {isa = PBXFileReference; fileEncoding = 4; lastKnownFileType = sourcecode.c.h; path = LYLogerManger.h; sourceTree = "<group>"; };
		B27512B91F46D3B700EFFE24 /* LYLogerManger.m */ = {isa = PBXFileReference; fileEncoding = 4; lastKnownFileType = sourcecode.c.objc; path = LYLogerManger.m; sourceTree = "<group>"; };
		B29CCE431F43E87E00AB4823 /* LYNetworkingManger.app */ = {isa = PBXFileReference; explicitFileType = wrapper.application; includeInIndex = 0; path = LYNetworkingManger.app; sourceTree = BUILT_PRODUCTS_DIR; };
		B29CCE471F43E87E00AB4823 /* main.m */ = {isa = PBXFileReference; lastKnownFileType = sourcecode.c.objc; path = main.m; sourceTree = "<group>"; };
		B29CCE491F43E87E00AB4823 /* AppDelegate.h */ = {isa = PBXFileReference; lastKnownFileType = sourcecode.c.h; path = AppDelegate.h; sourceTree = "<group>"; };
		B29CCE4A1F43E87E00AB4823 /* AppDelegate.m */ = {isa = PBXFileReference; lastKnownFileType = sourcecode.c.objc; path = AppDelegate.m; sourceTree = "<group>"; };
		B29CCE4C1F43E87E00AB4823 /* ViewController.h */ = {isa = PBXFileReference; lastKnownFileType = sourcecode.c.h; path = ViewController.h; sourceTree = "<group>"; };
		B29CCE4D1F43E87E00AB4823 /* ViewController.m */ = {isa = PBXFileReference; lastKnownFileType = sourcecode.c.objc; path = ViewController.m; sourceTree = "<group>"; };
		B29CCE501F43E87E00AB4823 /* Base */ = {isa = PBXFileReference; lastKnownFileType = file.storyboard; name = Base; path = Base.lproj/Main.storyboard; sourceTree = "<group>"; };
		B29CCE521F43E87E00AB4823 /* Assets.xcassets */ = {isa = PBXFileReference; lastKnownFileType = folder.assetcatalog; path = Assets.xcassets; sourceTree = "<group>"; };
		B29CCE551F43E87E00AB4823 /* Base */ = {isa = PBXFileReference; lastKnownFileType = file.storyboard; name = Base; path = Base.lproj/LaunchScreen.storyboard; sourceTree = "<group>"; };
		B29CCE571F43E87E00AB4823 /* Info.plist */ = {isa = PBXFileReference; lastKnownFileType = text.plist.xml; path = Info.plist; sourceTree = "<group>"; };
		B29CCE5C1F43E87E00AB4823 /* LYNetworkingMangerTests.xctest */ = {isa = PBXFileReference; explicitFileType = wrapper.cfbundle; includeInIndex = 0; path = LYNetworkingMangerTests.xctest; sourceTree = BUILT_PRODUCTS_DIR; };
		B29CCE601F43E87E00AB4823 /* LYNetworkingMangerTests.m */ = {isa = PBXFileReference; lastKnownFileType = sourcecode.c.objc; path = LYNetworkingMangerTests.m; sourceTree = "<group>"; };
		B29CCE621F43E87E00AB4823 /* Info.plist */ = {isa = PBXFileReference; lastKnownFileType = text.plist.xml; path = Info.plist; sourceTree = "<group>"; };
		B29CCE671F43E87E00AB4823 /* LYNetworkingMangerUITests.xctest */ = {isa = PBXFileReference; explicitFileType = wrapper.cfbundle; includeInIndex = 0; path = LYNetworkingMangerUITests.xctest; sourceTree = BUILT_PRODUCTS_DIR; };
		B29CCE6B1F43E87E00AB4823 /* LYNetworkingMangerUITests.m */ = {isa = PBXFileReference; lastKnownFileType = sourcecode.c.objc; path = LYNetworkingMangerUITests.m; sourceTree = "<group>"; };
		B29CCE6D1F43E87E00AB4823 /* Info.plist */ = {isa = PBXFileReference; lastKnownFileType = text.plist.xml; path = Info.plist; sourceTree = "<group>"; };
		B29CCE7B1F43E8EA00AB4823 /* AFHTTPSessionManager.h */ = {isa = PBXFileReference; fileEncoding = 4; lastKnownFileType = sourcecode.c.h; path = AFHTTPSessionManager.h; sourceTree = "<group>"; };
		B29CCE7C1F43E8EA00AB4823 /* AFHTTPSessionManager.m */ = {isa = PBXFileReference; fileEncoding = 4; lastKnownFileType = sourcecode.c.objc; path = AFHTTPSessionManager.m; sourceTree = "<group>"; };
		B29CCE7D1F43E8EA00AB4823 /* AFNetworking.h */ = {isa = PBXFileReference; fileEncoding = 4; lastKnownFileType = sourcecode.c.h; path = AFNetworking.h; sourceTree = "<group>"; };
		B29CCE7E1F43E8EA00AB4823 /* AFNetworkReachabilityManager.h */ = {isa = PBXFileReference; fileEncoding = 4; lastKnownFileType = sourcecode.c.h; path = AFNetworkReachabilityManager.h; sourceTree = "<group>"; };
		B29CCE7F1F43E8EA00AB4823 /* AFNetworkReachabilityManager.m */ = {isa = PBXFileReference; fileEncoding = 4; lastKnownFileType = sourcecode.c.objc; path = AFNetworkReachabilityManager.m; sourceTree = "<group>"; };
		B29CCE801F43E8EA00AB4823 /* AFSecurityPolicy.h */ = {isa = PBXFileReference; fileEncoding = 4; lastKnownFileType = sourcecode.c.h; path = AFSecurityPolicy.h; sourceTree = "<group>"; };
		B29CCE811F43E8EA00AB4823 /* AFSecurityPolicy.m */ = {isa = PBXFileReference; fileEncoding = 4; lastKnownFileType = sourcecode.c.objc; path = AFSecurityPolicy.m; sourceTree = "<group>"; };
		B29CCE821F43E8EA00AB4823 /* AFURLRequestSerialization.h */ = {isa = PBXFileReference; fileEncoding = 4; lastKnownFileType = sourcecode.c.h; path = AFURLRequestSerialization.h; sourceTree = "<group>"; };
		B29CCE831F43E8EA00AB4823 /* AFURLRequestSerialization.m */ = {isa = PBXFileReference; fileEncoding = 4; lastKnownFileType = sourcecode.c.objc; path = AFURLRequestSerialization.m; sourceTree = "<group>"; };
		B29CCE841F43E8EA00AB4823 /* AFURLResponseSerialization.h */ = {isa = PBXFileReference; fileEncoding = 4; lastKnownFileType = sourcecode.c.h; path = AFURLResponseSerialization.h; sourceTree = "<group>"; };
		B29CCE851F43E8EA00AB4823 /* AFURLResponseSerialization.m */ = {isa = PBXFileReference; fileEncoding = 4; lastKnownFileType = sourcecode.c.objc; path = AFURLResponseSerialization.m; sourceTree = "<group>"; };
		B29CCE861F43E8EA00AB4823 /* AFURLSessionManager.h */ = {isa = PBXFileReference; fileEncoding = 4; lastKnownFileType = sourcecode.c.h; path = AFURLSessionManager.h; sourceTree = "<group>"; };
		B29CCE871F43E8EA00AB4823 /* AFURLSessionManager.m */ = {isa = PBXFileReference; fileEncoding = 4; lastKnownFileType = sourcecode.c.objc; path = AFURLSessionManager.m; sourceTree = "<group>"; };
		B29CCE8F1F43E91C00AB4823 /* LYURLResponse.h */ = {isa = PBXFileReference; fileEncoding = 4; lastKnownFileType = sourcecode.c.h; path = LYURLResponse.h; sourceTree = "<group>"; };
		B29CCE901F43E91C00AB4823 /* LYURLResponse.m */ = {isa = PBXFileReference; fileEncoding = 4; lastKnownFileType = sourcecode.c.objc; path = LYURLResponse.m; sourceTree = "<group>"; };
		B29CCE921F43E92E00AB4823 /* LYURLRequest.h */ = {isa = PBXFileReference; fileEncoding = 4; lastKnownFileType = sourcecode.c.h; path = LYURLRequest.h; sourceTree = "<group>"; };
		B29CCE931F43E92E00AB4823 /* LYURLRequest.m */ = {isa = PBXFileReference; fileEncoding = 4; lastKnownFileType = sourcecode.c.objc; path = LYURLRequest.m; sourceTree = "<group>"; };
		B29CCE951F43E9A600AB4823 /* LYNetworkingAPIProxy.h */ = {isa = PBXFileReference; fileEncoding = 4; lastKnownFileType = sourcecode.c.h; path = LYNetworkingAPIProxy.h; sourceTree = "<group>"; };
		B29CCE961F43E9A600AB4823 /* LYNetworkingAPIProxy.m */ = {isa = PBXFileReference; fileEncoding = 4; lastKnownFileType = sourcecode.c.objc; path = LYNetworkingAPIProxy.m; sourceTree = "<group>"; };
		B29CCE981F43E9C900AB4823 /* LYNetworkingAPIManger.h */ = {isa = PBXFileReference; fileEncoding = 4; lastKnownFileType = sourcecode.c.h; path = LYNetworkingAPIManger.h; sourceTree = "<group>"; };
		B29CCE991F43E9C900AB4823 /* LYNetworkingAPIManger.m */ = {isa = PBXFileReference; fileEncoding = 4; lastKnownFileType = sourcecode.c.objc; path = LYNetworkingAPIManger.m; sourceTree = "<group>"; };
		B29CCE9B1F43F33300AB4823 /* LYNetworking.h */ = {isa = PBXFileReference; lastKnownFileType = sourcecode.c.h; path = LYNetworking.h; sourceTree = "<group>"; };
		B29CCE9C1F44232600AB4823 /* LYBaseParams.h */ = {isa = PBXFileReference; fileEncoding = 4; lastKnownFileType = sourcecode.c.h; path = LYBaseParams.h; sourceTree = "<group>"; };
		B29CCE9D1F44232600AB4823 /* LYBaseParams.m */ = {isa = PBXFileReference; fileEncoding = 4; lastKnownFileType = sourcecode.c.objc; path = LYBaseParams.m; sourceTree = "<group>"; };
		B29CCE9F1F44249F00AB4823 /* LYAPPSetting.h */ = {isa = PBXFileReference; fileEncoding = 4; lastKnownFileType = sourcecode.c.h; path = LYAPPSetting.h; sourceTree = "<group>"; };
		B29CCEA01F44249F00AB4823 /* LYAPPSetting.m */ = {isa = PBXFileReference; fileEncoding = 4; lastKnownFileType = sourcecode.c.objc; path = LYAPPSetting.m; sourceTree = "<group>"; };
		B29CCEA31F44345000AB4823 /* NSArray+LYNetworking.h */ = {isa = PBXFileReference; fileEncoding = 4; lastKnownFileType = sourcecode.c.h; path = "NSArray+LYNetworking.h"; sourceTree = "<group>"; };
		B29CCEA41F44345000AB4823 /* NSArray+LYNetworking.m */ = {isa = PBXFileReference; fileEncoding = 4; lastKnownFileType = sourcecode.c.objc; path = "NSArray+LYNetworking.m"; sourceTree = "<group>"; };
		B29CCEA61F44346B00AB4823 /* NSDictionary+LYNetworking.h */ = {isa = PBXFileReference; fileEncoding = 4; lastKnownFileType = sourcecode.c.h; path = "NSDictionary+LYNetworking.h"; sourceTree = "<group>"; };
		B29CCEA71F44346B00AB4823 /* NSDictionary+LYNetworking.m */ = {isa = PBXFileReference; fileEncoding = 4; lastKnownFileType = sourcecode.c.objc; path = "NSDictionary+LYNetworking.m"; sourceTree = "<group>"; };
/* End PBXFileReference section */

/* Begin PBXFrameworksBuildPhase section */
		B29CCE401F43E87E00AB4823 /* Frameworks */ = {
			isa = PBXFrameworksBuildPhase;
			buildActionMask = 2147483647;
			files = (
			);
			runOnlyForDeploymentPostprocessing = 0;
		};
		B29CCE591F43E87E00AB4823 /* Frameworks */ = {
			isa = PBXFrameworksBuildPhase;
			buildActionMask = 2147483647;
			files = (
			);
			runOnlyForDeploymentPostprocessing = 0;
		};
		B29CCE641F43E87E00AB4823 /* Frameworks */ = {
			isa = PBXFrameworksBuildPhase;
			buildActionMask = 2147483647;
			files = (
			);
			runOnlyForDeploymentPostprocessing = 0;
		};
/* End PBXFrameworksBuildPhase section */

/* Begin PBXGroup section */
		B29CCE3A1F43E87E00AB4823 = {
			isa = PBXGroup;
			children = (
				B29CCE451F43E87E00AB4823 /* LYNetworkingManger */,
				B29CCE5F1F43E87E00AB4823 /* LYNetworkingMangerTests */,
				B29CCE6A1F43E87E00AB4823 /* LYNetworkingMangerUITests */,
				B29CCE441F43E87E00AB4823 /* Products */,
			);
			sourceTree = "<group>";
		};
		B29CCE441F43E87E00AB4823 /* Products */ = {
			isa = PBXGroup;
			children = (
				B29CCE431F43E87E00AB4823 /* LYNetworkingManger.app */,
				B29CCE5C1F43E87E00AB4823 /* LYNetworkingMangerTests.xctest */,
				B29CCE671F43E87E00AB4823 /* LYNetworkingMangerUITests.xctest */,
			);
			name = Products;
			sourceTree = "<group>";
		};
		B29CCE451F43E87E00AB4823 /* LYNetworkingManger */ = {
			isa = PBXGroup;
			children = (
				B29CCE791F43E8EA00AB4823 /* LYNetworkingManger */,
				B29CCE491F43E87E00AB4823 /* AppDelegate.h */,
				B29CCE4A1F43E87E00AB4823 /* AppDelegate.m */,
				B29CCE4C1F43E87E00AB4823 /* ViewController.h */,
				B29CCE4D1F43E87E00AB4823 /* ViewController.m */,
				B29CCE4F1F43E87E00AB4823 /* Main.storyboard */,
				B29CCE521F43E87E00AB4823 /* Assets.xcassets */,
				B29CCE541F43E87E00AB4823 /* LaunchScreen.storyboard */,
				B29CCE571F43E87E00AB4823 /* Info.plist */,
				B29CCE461F43E87E00AB4823 /* Supporting Files */,
			);
			path = LYNetworkingManger;
			sourceTree = "<group>";
		};
		B29CCE461F43E87E00AB4823 /* Supporting Files */ = {
			isa = PBXGroup;
			children = (
				B29CCE471F43E87E00AB4823 /* main.m */,
			);
			name = "Supporting Files";
			sourceTree = "<group>";
		};
		B29CCE5F1F43E87E00AB4823 /* LYNetworkingMangerTests */ = {
			isa = PBXGroup;
			children = (
				B29CCE601F43E87E00AB4823 /* LYNetworkingMangerTests.m */,
				B29CCE621F43E87E00AB4823 /* Info.plist */,
			);
			path = LYNetworkingMangerTests;
			sourceTree = "<group>";
		};
		B29CCE6A1F43E87E00AB4823 /* LYNetworkingMangerUITests */ = {
			isa = PBXGroup;
			children = (
				B29CCE6B1F43E87E00AB4823 /* LYNetworkingMangerUITests.m */,
				B29CCE6D1F43E87E00AB4823 /* Info.plist */,
			);
			path = LYNetworkingMangerUITests;
			sourceTree = "<group>";
		};
		B29CCE791F43E8EA00AB4823 /* LYNetworkingManger */ = {
			isa = PBXGroup;
			children = (
				B29CCE9B1F43F33300AB4823 /* LYNetworking.h */,
				B29CCEA21F4433EB00AB4823 /* category */,
				B29CCE7A1F43E8EA00AB4823 /* AFNetworking */,
				B29CCE8F1F43E91C00AB4823 /* LYURLResponse.h */,
				B29CCE901F43E91C00AB4823 /* LYURLResponse.m */,
				B29CCE921F43E92E00AB4823 /* LYURLRequest.h */,
				B29CCE931F43E92E00AB4823 /* LYURLRequest.m */,
				B27512B81F46D3B700EFFE24 /* LYLogerManger.h */,
				B27512B91F46D3B700EFFE24 /* LYLogerManger.m */,
				B29CCE951F43E9A600AB4823 /* LYNetworkingAPIProxy.h */,
				B29CCE961F43E9A600AB4823 /* LYNetworkingAPIProxy.m */,
				B29CCE981F43E9C900AB4823 /* LYNetworkingAPIManger.h */,
				B29CCE991F43E9C900AB4823 /* LYNetworkingAPIManger.m */,
				B29CCE9C1F44232600AB4823 /* LYBaseParams.h */,
				B29CCE9D1F44232600AB4823 /* LYBaseParams.m */,
				B29CCE9F1F44249F00AB4823 /* LYAPPSetting.h */,
				B29CCEA01F44249F00AB4823 /* LYAPPSetting.m */,
			);
			path = LYNetworkingManger;
			sourceTree = "<group>";
		};
		B29CCE7A1F43E8EA00AB4823 /* AFNetworking */ = {
			isa = PBXGroup;
			children = (
				B29CCE7B1F43E8EA00AB4823 /* AFHTTPSessionManager.h */,
				B29CCE7C1F43E8EA00AB4823 /* AFHTTPSessionManager.m */,
				B29CCE7D1F43E8EA00AB4823 /* AFNetworking.h */,
				B29CCE7E1F43E8EA00AB4823 /* AFNetworkReachabilityManager.h */,
				B29CCE7F1F43E8EA00AB4823 /* AFNetworkReachabilityManager.m */,
				B29CCE801F43E8EA00AB4823 /* AFSecurityPolicy.h */,
				B29CCE811F43E8EA00AB4823 /* AFSecurityPolicy.m */,
				B29CCE821F43E8EA00AB4823 /* AFURLRequestSerialization.h */,
				B29CCE831F43E8EA00AB4823 /* AFURLRequestSerialization.m */,
				B29CCE841F43E8EA00AB4823 /* AFURLResponseSerialization.h */,
				B29CCE851F43E8EA00AB4823 /* AFURLResponseSerialization.m */,
				B29CCE861F43E8EA00AB4823 /* AFURLSessionManager.h */,
				B29CCE871F43E8EA00AB4823 /* AFURLSessionManager.m */,
			);
			path = AFNetworking;
			sourceTree = "<group>";
		};
		B29CCEA21F4433EB00AB4823 /* category */ = {
			isa = PBXGroup;
			children = (
				B29CCEA31F44345000AB4823 /* NSArray+LYNetworking.h */,
				B29CCEA41F44345000AB4823 /* NSArray+LYNetworking.m */,
				B29CCEA61F44346B00AB4823 /* NSDictionary+LYNetworking.h */,
				B29CCEA71F44346B00AB4823 /* NSDictionary+LYNetworking.m */,
			);
			path = category;
			sourceTree = "<group>";
		};
/* End PBXGroup section */

/* Begin PBXNativeTarget section */
		B29CCE421F43E87E00AB4823 /* LYNetworkingManger */ = {
			isa = PBXNativeTarget;
			buildConfigurationList = B29CCE701F43E87E00AB4823 /* Build configuration list for PBXNativeTarget "LYNetworkingManger" */;
			buildPhases = (
				B29CCE3F1F43E87E00AB4823 /* Sources */,
				B29CCE401F43E87E00AB4823 /* Frameworks */,
				B29CCE411F43E87E00AB4823 /* Resources */,
			);
			buildRules = (
			);
			dependencies = (
			);
			name = LYNetworkingManger;
			productName = LYNetworkingManger;
			productReference = B29CCE431F43E87E00AB4823 /* LYNetworkingManger.app */;
			productType = "com.apple.product-type.application";
		};
		B29CCE5B1F43E87E00AB4823 /* LYNetworkingMangerTests */ = {
			isa = PBXNativeTarget;
			buildConfigurationList = B29CCE731F43E87E00AB4823 /* Build configuration list for PBXNativeTarget "LYNetworkingMangerTests" */;
			buildPhases = (
				B29CCE581F43E87E00AB4823 /* Sources */,
				B29CCE591F43E87E00AB4823 /* Frameworks */,
				B29CCE5A1F43E87E00AB4823 /* Resources */,
			);
			buildRules = (
			);
			dependencies = (
				B29CCE5E1F43E87E00AB4823 /* PBXTargetDependency */,
			);
			name = LYNetworkingMangerTests;
			productName = LYNetworkingMangerTests;
			productReference = B29CCE5C1F43E87E00AB4823 /* LYNetworkingMangerTests.xctest */;
			productType = "com.apple.product-type.bundle.unit-test";
		};
		B29CCE661F43E87E00AB4823 /* LYNetworkingMangerUITests */ = {
			isa = PBXNativeTarget;
			buildConfigurationList = B29CCE761F43E87E00AB4823 /* Build configuration list for PBXNativeTarget "LYNetworkingMangerUITests" */;
			buildPhases = (
				B29CCE631F43E87E00AB4823 /* Sources */,
				B29CCE641F43E87E00AB4823 /* Frameworks */,
				B29CCE651F43E87E00AB4823 /* Resources */,
			);
			buildRules = (
			);
			dependencies = (
				B29CCE691F43E87E00AB4823 /* PBXTargetDependency */,
			);
			name = LYNetworkingMangerUITests;
			productName = LYNetworkingMangerUITests;
			productReference = B29CCE671F43E87E00AB4823 /* LYNetworkingMangerUITests.xctest */;
			productType = "com.apple.product-type.bundle.ui-testing";
		};
/* End PBXNativeTarget section */

/* Begin PBXProject section */
		B29CCE3B1F43E87E00AB4823 /* Project object */ = {
			isa = PBXProject;
			attributes = {
				LastUpgradeCheck = 0830;
				ORGANIZATIONNAME = Lyalleny;
				TargetAttributes = {
					B29CCE421F43E87E00AB4823 = {
						CreatedOnToolsVersion = 8.3.3;
						DevelopmentTeam = 3RJ7DZKE88;
						ProvisioningStyle = Automatic;
					};
					B29CCE5B1F43E87E00AB4823 = {
						CreatedOnToolsVersion = 8.3.3;
						DevelopmentTeam = 3RJ7DZKE88;
						ProvisioningStyle = Automatic;
						TestTargetID = B29CCE421F43E87E00AB4823;
					};
					B29CCE661F43E87E00AB4823 = {
						CreatedOnToolsVersion = 8.3.3;
						DevelopmentTeam = 3RJ7DZKE88;
						ProvisioningStyle = Automatic;
						TestTargetID = B29CCE421F43E87E00AB4823;
					};
				};
			};
			buildConfigurationList = B29CCE3E1F43E87E00AB4823 /* Build configuration list for PBXProject "LYNetworkingManger" */;
			compatibilityVersion = "Xcode 3.2";
			developmentRegion = English;
			hasScannedForEncodings = 0;
			knownRegions = (
				en,
				Base,
			);
			mainGroup = B29CCE3A1F43E87E00AB4823;
			productRefGroup = B29CCE441F43E87E00AB4823 /* Products */;
			projectDirPath = "";
			projectRoot = "";
			targets = (
				B29CCE421F43E87E00AB4823 /* LYNetworkingManger */,
				B29CCE5B1F43E87E00AB4823 /* LYNetworkingMangerTests */,
				B29CCE661F43E87E00AB4823 /* LYNetworkingMangerUITests */,
			);
		};
/* End PBXProject section */

/* Begin PBXResourcesBuildPhase section */
		B29CCE411F43E87E00AB4823 /* Resources */ = {
			isa = PBXResourcesBuildPhase;
			buildActionMask = 2147483647;
			files = (
				B29CCE561F43E87E00AB4823 /* LaunchScreen.storyboard in Resources */,
				B29CCE531F43E87E00AB4823 /* Assets.xcassets in Resources */,
				B29CCE511F43E87E00AB4823 /* Main.storyboard in Resources */,
			);
			runOnlyForDeploymentPostprocessing = 0;
		};
		B29CCE5A1F43E87E00AB4823 /* Resources */ = {
			isa = PBXResourcesBuildPhase;
			buildActionMask = 2147483647;
			files = (
			);
			runOnlyForDeploymentPostprocessing = 0;
		};
		B29CCE651F43E87E00AB4823 /* Resources */ = {
			isa = PBXResourcesBuildPhase;
			buildActionMask = 2147483647;
			files = (
			);
			runOnlyForDeploymentPostprocessing = 0;
		};
/* End PBXResourcesBuildPhase section */

/* Begin PBXSourcesBuildPhase section */
		B29CCE3F1F43E87E00AB4823 /* Sources */ = {
			isa = PBXSourcesBuildPhase;
			buildActionMask = 2147483647;
			files = (
				B27512BA1F46D3B700EFFE24 /* LYLogerManger.m in Sources */,
				B29CCE8D1F43E8EA00AB4823 /* AFURLSessionManager.m in Sources */,
				B29CCE4E1F43E87E00AB4823 /* ViewController.m in Sources */,
				B29CCE971F43E9A600AB4823 /* LYNetworkingAPIProxy.m in Sources */,
				B29CCEA11F44249F00AB4823 /* LYAPPSetting.m in Sources */,
				B29CCE9E1F44232600AB4823 /* LYBaseParams.m in Sources */,
				B29CCE4B1F43E87E00AB4823 /* AppDelegate.m in Sources */,
				B29CCE891F43E8EA00AB4823 /* AFNetworkReachabilityManager.m in Sources */,
				B29CCE481F43E87E00AB4823 /* main.m in Sources */,
				B29CCE941F43E92E00AB4823 /* LYURLRequest.m in Sources */,
				B29CCEA51F44345000AB4823 /* NSArray+LYNetworking.m in Sources */,
				B29CCE9A1F43E9C900AB4823 /* LYNetworkingAPIManger.m in Sources */,
				B29CCE8A1F43E8EA00AB4823 /* AFSecurityPolicy.m in Sources */,
				B29CCEA81F44346B00AB4823 /* NSDictionary+LYNetworking.m in Sources */,
				B29CCE8B1F43E8EA00AB4823 /* AFURLRequestSerialization.m in Sources */,
				B29CCE911F43E91C00AB4823 /* LYURLResponse.m in Sources */,
				B29CCE8C1F43E8EA00AB4823 /* AFURLResponseSerialization.m in Sources */,
				B29CCE881F43E8EA00AB4823 /* AFHTTPSessionManager.m in Sources */,
			);
			runOnlyForDeploymentPostprocessing = 0;
		};
		B29CCE581F43E87E00AB4823 /* Sources */ = {
			isa = PBXSourcesBuildPhase;
			buildActionMask = 2147483647;
			files = (
				B29CCE611F43E87E00AB4823 /* LYNetworkingMangerTests.m in Sources */,
			);
			runOnlyForDeploymentPostprocessing = 0;
		};
		B29CCE631F43E87E00AB4823 /* Sources */ = {
			isa = PBXSourcesBuildPhase;
			buildActionMask = 2147483647;
			files = (
				B29CCE6C1F43E87E00AB4823 /* LYNetworkingMangerUITests.m in Sources */,
			);
			runOnlyForDeploymentPostprocessing = 0;
		};
/* End PBXSourcesBuildPhase section */

/* Begin PBXTargetDependency section */
		B29CCE5E1F43E87E00AB4823 /* PBXTargetDependency */ = {
			isa = PBXTargetDependency;
			target = B29CCE421F43E87E00AB4823 /* LYNetworkingManger */;
			targetProxy = B29CCE5D1F43E87E00AB4823 /* PBXContainerItemProxy */;
		};
		B29CCE691F43E87E00AB4823 /* PBXTargetDependency */ = {
			isa = PBXTargetDependency;
			target = B29CCE421F43E87E00AB4823 /* LYNetworkingManger */;
			targetProxy = B29CCE681F43E87E00AB4823 /* PBXContainerItemProxy */;
		};
/* End PBXTargetDependency section */

/* Begin PBXVariantGroup section */
		B29CCE4F1F43E87E00AB4823 /* Main.storyboard */ = {
			isa = PBXVariantGroup;
			children = (
				B29CCE501F43E87E00AB4823 /* Base */,
			);
			name = Main.storyboard;
			sourceTree = "<group>";
		};
		B29CCE541F43E87E00AB4823 /* LaunchScreen.storyboard */ = {
			isa = PBXVariantGroup;
			children = (
				B29CCE551F43E87E00AB4823 /* Base */,
			);
			name = LaunchScreen.storyboard;
			sourceTree = "<group>";
		};
/* End PBXVariantGroup section */

/* Begin XCBuildConfiguration section */
		B29CCE6E1F43E87E00AB4823 /* Debug */ = {
			isa = XCBuildConfiguration;
			buildSettings = {
				ALWAYS_SEARCH_USER_PATHS = NO;
				CLANG_ANALYZER_NONNULL = YES;
				CLANG_ANALYZER_NUMBER_OBJECT_CONVERSION = YES_AGGRESSIVE;
				CLANG_CXX_LANGUAGE_STANDARD = "gnu++0x";
				CLANG_CXX_LIBRARY = "libc++";
				CLANG_ENABLE_MODULES = YES;
				CLANG_ENABLE_OBJC_ARC = YES;
				CLANG_WARN_BOOL_CONVERSION = YES;
				CLANG_WARN_CONSTANT_CONVERSION = YES;
				CLANG_WARN_DIRECT_OBJC_ISA_USAGE = YES_ERROR;
				CLANG_WARN_DOCUMENTATION_COMMENTS = YES;
				CLANG_WARN_EMPTY_BODY = YES;
				CLANG_WARN_ENUM_CONVERSION = YES;
				CLANG_WARN_INFINITE_RECURSION = YES;
				CLANG_WARN_INT_CONVERSION = YES;
				CLANG_WARN_OBJC_ROOT_CLASS = YES_ERROR;
				CLANG_WARN_SUSPICIOUS_MOVE = YES;
				CLANG_WARN_UNREACHABLE_CODE = YES;
				CLANG_WARN__DUPLICATE_METHOD_MATCH = YES;
				"CODE_SIGN_IDENTITY[sdk=iphoneos*]" = "iPhone Developer";
				COPY_PHASE_STRIP = NO;
				DEBUG_INFORMATION_FORMAT = dwarf;
				ENABLE_STRICT_OBJC_MSGSEND = YES;
				ENABLE_TESTABILITY = YES;
				GCC_C_LANGUAGE_STANDARD = gnu99;
				GCC_DYNAMIC_NO_PIC = NO;
				GCC_NO_COMMON_BLOCKS = YES;
				GCC_OPTIMIZATION_LEVEL = 0;
				GCC_PREPROCESSOR_DEFINITIONS = (
					"DEBUG=1",
					"$(inherited)",
				);
				GCC_WARN_64_TO_32_BIT_CONVERSION = YES;
				GCC_WARN_ABOUT_RETURN_TYPE = YES_ERROR;
				GCC_WARN_UNDECLARED_SELECTOR = YES;
				GCC_WARN_UNINITIALIZED_AUTOS = YES_AGGRESSIVE;
				GCC_WARN_UNUSED_FUNCTION = YES;
				GCC_WARN_UNUSED_VARIABLE = YES;
				IPHONEOS_DEPLOYMENT_TARGET = 10.3;
				MTL_ENABLE_DEBUG_INFO = YES;
				ONLY_ACTIVE_ARCH = YES;
				SDKROOT = iphoneos;
				TARGETED_DEVICE_FAMILY = "1,2";
			};
			name = Debug;
		};
		B29CCE6F1F43E87E00AB4823 /* Release */ = {
			isa = XCBuildConfiguration;
			buildSettings = {
				ALWAYS_SEARCH_USER_PATHS = NO;
				CLANG_ANALYZER_NONNULL = YES;
				CLANG_ANALYZER_NUMBER_OBJECT_CONVERSION = YES_AGGRESSIVE;
				CLANG_CXX_LANGUAGE_STANDARD = "gnu++0x";
				CLANG_CXX_LIBRARY = "libc++";
				CLANG_ENABLE_MODULES = YES;
				CLANG_ENABLE_OBJC_ARC = YES;
				CLANG_WARN_BOOL_CONVERSION = YES;
				CLANG_WARN_CONSTANT_CONVERSION = YES;
				CLANG_WARN_DIRECT_OBJC_ISA_USAGE = YES_ERROR;
				CLANG_WARN_DOCUMENTATION_COMMENTS = YES;
				CLANG_WARN_EMPTY_BODY = YES;
				CLANG_WARN_ENUM_CONVERSION = YES;
				CLANG_WARN_INFINITE_RECURSION = YES;
				CLANG_WARN_INT_CONVERSION = YES;
				CLANG_WARN_OBJC_ROOT_CLASS = YES_ERROR;
				CLANG_WARN_SUSPICIOUS_MOVE = YES;
				CLANG_WARN_UNREACHABLE_CODE = YES;
				CLANG_WARN__DUPLICATE_METHOD_MATCH = YES;
				"CODE_SIGN_IDENTITY[sdk=iphoneos*]" = "iPhone Developer";
				COPY_PHASE_STRIP = NO;
				DEBUG_INFORMATION_FORMAT = "dwarf-with-dsym";
				ENABLE_NS_ASSERTIONS = NO;
				ENABLE_STRICT_OBJC_MSGSEND = YES;
				GCC_C_LANGUAGE_STANDARD = gnu99;
				GCC_NO_COMMON_BLOCKS = YES;
				GCC_WARN_64_TO_32_BIT_CONVERSION = YES;
				GCC_WARN_ABOUT_RETURN_TYPE = YES_ERROR;
				GCC_WARN_UNDECLARED_SELECTOR = YES;
				GCC_WARN_UNINITIALIZED_AUTOS = YES_AGGRESSIVE;
				GCC_WARN_UNUSED_FUNCTION = YES;
				GCC_WARN_UNUSED_VARIABLE = YES;
				IPHONEOS_DEPLOYMENT_TARGET = 10.3;
				MTL_ENABLE_DEBUG_INFO = NO;
				SDKROOT = iphoneos;
				TARGETED_DEVICE_FAMILY = "1,2";
				VALIDATE_PRODUCT = YES;
			};
			name = Release;
		};
		B29CCE711F43E87E00AB4823 /* Debug */ = {
			isa = XCBuildConfiguration;
			buildSettings = {
				ASSETCATALOG_COMPILER_APPICON_NAME = AppIcon;
				DEVELOPMENT_TEAM = 3RJ7DZKE88;
				INFOPLIST_FILE = LYNetworkingManger/Info.plist;
				LD_RUNPATH_SEARCH_PATHS = "$(inherited) @executable_path/Frameworks";
				PRODUCT_BUNDLE_IDENTIFIER = mtzj.LYNetworkingManger;
				PRODUCT_NAME = "$(TARGET_NAME)";
			};
			name = Debug;
		};
		B29CCE721F43E87E00AB4823 /* Release */ = {
			isa = XCBuildConfiguration;
			buildSettings = {
				ASSETCATALOG_COMPILER_APPICON_NAME = AppIcon;
				DEVELOPMENT_TEAM = 3RJ7DZKE88;
				INFOPLIST_FILE = LYNetworkingManger/Info.plist;
				LD_RUNPATH_SEARCH_PATHS = "$(inherited) @executable_path/Frameworks";
				PRODUCT_BUNDLE_IDENTIFIER = mtzj.LYNetworkingManger;
				PRODUCT_NAME = "$(TARGET_NAME)";
			};
			name = Release;
		};
		B29CCE741F43E87E00AB4823 /* Debug */ = {
			isa = XCBuildConfiguration;
			buildSettings = {
				BUNDLE_LOADER = "$(TEST_HOST)";
				DEVELOPMENT_TEAM = 3RJ7DZKE88;
				INFOPLIST_FILE = LYNetworkingMangerTests/Info.plist;
				LD_RUNPATH_SEARCH_PATHS = "$(inherited) @executable_path/Frameworks @loader_path/Frameworks";
				PRODUCT_BUNDLE_IDENTIFIER = mtzj.LYNetworkingMangerTests;
				PRODUCT_NAME = "$(TARGET_NAME)";
				TEST_HOST = "$(BUILT_PRODUCTS_DIR)/LYNetworkingManger.app/LYNetworkingManger";
			};
			name = Debug;
		};
		B29CCE751F43E87E00AB4823 /* Release */ = {
			isa = XCBuildConfiguration;
			buildSettings = {
				BUNDLE_LOADER = "$(TEST_HOST)";
				DEVELOPMENT_TEAM = 3RJ7DZKE88;
				INFOPLIST_FILE = LYNetworkingMangerTests/Info.plist;
				LD_RUNPATH_SEARCH_PATHS = "$(inherited) @executable_path/Frameworks @loader_path/Frameworks";
				PRODUCT_BUNDLE_IDENTIFIER = mtzj.LYNetworkingMangerTests;
				PRODUCT_NAME = "$(TARGET_NAME)";
				TEST_HOST = "$(BUILT_PRODUCTS_DIR)/LYNetworkingManger.app/LYNetworkingManger";
			};
			name = Release;
		};
		B29CCE771F43E87E00AB4823 /* Debug */ = {
			isa = XCBuildConfiguration;
			buildSettings = {
				DEVELOPMENT_TEAM = 3RJ7DZKE88;
				INFOPLIST_FILE = LYNetworkingMangerUITests/Info.plist;
				LD_RUNPATH_SEARCH_PATHS = "$(inherited) @executable_path/Frameworks @loader_path/Frameworks";
				PRODUCT_BUNDLE_IDENTIFIER = mtzj.LYNetworkingMangerUITests;
				PRODUCT_NAME = "$(TARGET_NAME)";
				TEST_TARGET_NAME = LYNetworkingManger;
			};
			name = Debug;
		};
		B29CCE781F43E87E00AB4823 /* Release */ = {
			isa = XCBuildConfiguration;
			buildSettings = {
				DEVELOPMENT_TEAM = 3RJ7DZKE88;
				INFOPLIST_FILE = LYNetworkingMangerUITests/Info.plist;
				LD_RUNPATH_SEARCH_PATHS = "$(inherited) @executable_path/Frameworks @loader_path/Frameworks";
				PRODUCT_BUNDLE_IDENTIFIER = mtzj.LYNetworkingMangerUITests;
				PRODUCT_NAME = "$(TARGET_NAME)";
				TEST_TARGET_NAME = LYNetworkingManger;
			};
			name = Release;
		};
/* End XCBuildConfiguration section */

/* Begin XCConfigurationList section */
		B29CCE3E1F43E87E00AB4823 /* Build configuration list for PBXProject "LYNetworkingManger" */ = {
			isa = XCConfigurationList;
			buildConfigurations = (
				B29CCE6E1F43E87E00AB4823 /* Debug */,
				B29CCE6F1F43E87E00AB4823 /* Release */,
			);
			defaultConfigurationIsVisible = 0;
			defaultConfigurationName = Release;
		};
		B29CCE701F43E87E00AB4823 /* Build configuration list for PBXNativeTarget "LYNetworkingManger" */ = {
			isa = XCConfigurationList;
			buildConfigurations = (
				B29CCE711F43E87E00AB4823 /* Debug */,
				B29CCE721F43E87E00AB4823 /* Release */,
			);
			defaultConfigurationIsVisible = 0;
			defaultConfigurationName = Release;
		};
		B29CCE731F43E87E00AB4823 /* Build configuration list for PBXNativeTarget "LYNetworkingMangerTests" */ = {
			isa = XCConfigurationList;
			buildConfigurations = (
				B29CCE741F43E87E00AB4823 /* Debug */,
				B29CCE751F43E87E00AB4823 /* Release */,
			);
			defaultConfigurationIsVisible = 0;
			defaultConfigurationName = Release;
		};
		B29CCE761F43E87E00AB4823 /* Build configuration list for PBXNativeTarget "LYNetworkingMangerUITests" */ = {
			isa = XCConfigurationList;
			buildConfigurations = (
				B29CCE771F43E87E00AB4823 /* Debug */,
				B29CCE781F43E87E00AB4823 /* Release */,
			);
			defaultConfigurationIsVisible = 0;
			defaultConfigurationName = Release;
		};
/* End XCConfigurationList section */
	};
	rootObject = B29CCE3B1F43E87E00AB4823 /* Project object */;
}
